
Microsoft Visual Studio Solution File, Format Version 12.00
# Visual Studio Version 16
VisualStudioVersion = 16.0.810.16
MinimumVisualStudioVersion = 10.0.40219.1
Project("{FAE04EC0-301F-11D3-BF4B-00C04F79EFBC}") = "takasu", "takasu\takasu.csproj", "{B9D31C92-3CF6-4B96-8EE7-5C9B7F7A8EEE}"
EndProject
Global
	GlobalSection(SolutionConfigurationPlatforms) = preSolution
		Debug|Any CPU = Debug|Any CPU
		Release|Any CPU = Release|Any CPU
	EndGlobalSection
	GlobalSection(ProjectConfigurationPlatforms) = postSolution
		{B9D31C92-3CF6-4B96-8EE7-5C9B7F7A8EEE}.Debug|Any CPU.ActiveCfg = Debug|Any CPU
		{B9D31C92-3CF6-4B96-8EE7-5C9B7F7A8EEE}.Debug|Any CPU.Build.0 = Debug|Any CPU
		{B9D31C92-3CF6-4B96-8EE7-5C9B7F7A8EEE}.Release|Any CPU.ActiveCfg = Release|Any CPU
		{B9D31C92-3CF6-4B96-8EE7-5C9B7F7A8EEE}.Release|Any CPU.Build.0 = Release|Any CPU
	EndGlobalSection
	GlobalSection(SolutionProperties) = preSolution
		HideSolutionNode = FALSE
	EndGlobalSection
	GlobalSection(ExtensibilityGlobals) = postSolution
		SolutionGuid = {5C908601-F1F2-44C8-AEAE-25BF728791F2}
	EndGlobalSection
EndGlobal
